// !$*UTF8*$!
{
	archiveVersion = 1;
	classes = {
	};
	objectVersion = 56;
	objects = {

/* Begin PBXBuildFile section */
		7FAB18B62BA9695D001701BE /* AppDelegate.swift in Sources */ = {isa = PBXBuildFile; fileRef = 7FAB18B52BA9695D001701BE /* AppDelegate.swift */; };
		7FAB18B82BA9695D001701BE /* SceneDelegate.swift in Sources */ = {isa = PBXBuildFile; fileRef = 7FAB18B72BA9695D001701BE /* SceneDelegate.swift */; };
		7FAB18BA2BA9695D001701BE /* TaskOne.swift in Sources */ = {isa = PBXBuildFile; fileRef = 7FAB18B92BA9695D001701BE /* TaskOne.swift */; };
		7FAB18BD2BA9695D001701BE /* Main.storyboard in Resources */ = {isa = PBXBuildFile; fileRef = 7FAB18BB2BA9695D001701BE /* Main.storyboard */; };
		7FAB18BF2BA9695F001701BE /* Assets.xcassets in Resources */ = {isa = PBXBuildFile; fileRef = 7FAB18BE2BA9695F001701BE /* Assets.xcassets */; };
		7FAB18C22BA9695F001701BE /* LaunchScreen.storyboard in Resources */ = {isa = PBXBuildFile; fileRef = 7FAB18C02BA9695F001701BE /* LaunchScreen.storyboard */; };
		7FAB18CA2BA9B90F001701BE /* TaskTwoOne.swift in Sources */ = {isa = PBXBuildFile; fileRef = 7FAB18C92BA9B90F001701BE /* TaskTwoOne.swift */; };
		7FAB18CF2BA9C4EE001701BE /* TaskTwoTwo.swift in Sources */ = {isa = PBXBuildFile; fileRef = 7FAB18CE2BA9C4EE001701BE /* TaskTwoTwo.swift */; };
		7FAB18D12BA9D967001701BE /* TestFive.swift in Sources */ = {isa = PBXBuildFile; fileRef = 7FAB18D02BA9D967001701BE /* TestFive.swift */; };
		7FAB18D32BAAD953001701BE /* TaskTwoThree.swift in Sources */ = {isa = PBXBuildFile; fileRef = 7FAB18D22BAAD953001701BE /* TaskTwoThree.swift */; };
		7FAB18D52BAADE79001701BE /* TaskTwoFour.swift in Sources */ = {isa = PBXBuildFile; fileRef = 7FAB18D42BAADE79001701BE /* TaskTwoFour.swift */; };
		7FAB18D72BAADED5001701BE /* TaskTwoFive.swift in Sources */ = {isa = PBXBuildFile; fileRef = 7FAB18D62BAADED5001701BE /* TaskTwoFive.swift */; };
		7FAB18D92BAADF47001701BE /* TaskTwoSix.swift in Sources */ = {isa = PBXBuildFile; fileRef = 7FAB18D82BAADF47001701BE /* TaskTwoSix.swift */; };
		7FAB18DB2BAB7847001701BE /* TaskThreeOne.swift in Sources */ = {isa = PBXBuildFile; fileRef = 7FAB18DA2BAB7847001701BE /* TaskThreeOne.swift */; };
		7FAB18E02BAC7283001701BE /* TaskThreeTwo.swift in Sources */ = {isa = PBXBuildFile; fileRef = 7FAB18DF2BAC7282001701BE /* TaskThreeTwo.swift */; };
		7FAB18E22BAC8EC2001701BE /* TaskThreeThree.swift in Sources */ = {isa = PBXBuildFile; fileRef = 7FAB18E12BAC8EC2001701BE /* TaskThreeThree.swift */; };
		7FAB18E52BADA4ED001701BE /* TaskFour.swift in Sources */ = {isa = PBXBuildFile; fileRef = 7FAB18E42BADA4ED001701BE /* TaskFour.swift */; };
		7FAB18E82BB03EDB001701BE /* TaskFive.swift in Sources */ = {isa = PBXBuildFile; fileRef = 7FAB18E72BB03EDB001701BE /* TaskFive.swift */; };
/* End PBXBuildFile section */

/* Begin PBXFileReference section */
		7FAB18B22BA9695D001701BE /* multithreading.app */ = {isa = PBXFileReference; explicitFileType = wrapper.application; includeInIndex = 0; path = multithreading.app; sourceTree = BUILT_PRODUCTS_DIR; };
		7FAB18B52BA9695D001701BE /* AppDelegate.swift */ = {isa = PBXFileReference; lastKnownFileType = sourcecode.swift; path = AppDelegate.swift; sourceTree = "<group>"; };
		7FAB18B72BA9695D001701BE /* SceneDelegate.swift */ = {isa = PBXFileReference; lastKnownFileType = sourcecode.swift; path = SceneDelegate.swift; sourceTree = "<group>"; };
		7FAB18B92BA9695D001701BE /* TaskOne.swift */ = {isa = PBXFileReference; lastKnownFileType = sourcecode.swift; path = TaskOne.swift; sourceTree = "<group>"; };
		7FAB18BC2BA9695D001701BE /* Base */ = {isa = PBXFileReference; lastKnownFileType = file.storyboard; name = Base; path = Base.lproj/Main.storyboard; sourceTree = "<group>"; };
		7FAB18BE2BA9695F001701BE /* Assets.xcassets */ = {isa = PBXFileReference; lastKnownFileType = folder.assetcatalog; path = Assets.xcassets; sourceTree = "<group>"; };
		7FAB18C12BA9695F001701BE /* Base */ = {isa = PBXFileReference; lastKnownFileType = file.storyboard; name = Base; path = Base.lproj/LaunchScreen.storyboard; sourceTree = "<group>"; };
		7FAB18C32BA9695F001701BE /* Info.plist */ = {isa = PBXFileReference; lastKnownFileType = text.plist.xml; path = Info.plist; sourceTree = "<group>"; };
		7FAB18C92BA9B90F001701BE /* TaskTwoOne.swift */ = {isa = PBXFileReference; lastKnownFileType = sourcecode.swift; path = TaskTwoOne.swift; sourceTree = "<group>"; };
		7FAB18CE2BA9C4EE001701BE /* TaskTwoTwo.swift */ = {isa = PBXFileReference; lastKnownFileType = sourcecode.swift; path = TaskTwoTwo.swift; sourceTree = "<group>"; };
		7FAB18D02BA9D967001701BE /* TestFive.swift */ = {isa = PBXFileReference; lastKnownFileType = sourcecode.swift; path = TestFive.swift; sourceTree = "<group>"; };
		7FAB18D22BAAD953001701BE /* TaskTwoThree.swift */ = {isa = PBXFileReference; lastKnownFileType = sourcecode.swift; path = TaskTwoThree.swift; sourceTree = "<group>"; };
		7FAB18D42BAADE79001701BE /* TaskTwoFour.swift */ = {isa = PBXFileReference; lastKnownFileType = sourcecode.swift; path = TaskTwoFour.swift; sourceTree = "<group>"; };
		7FAB18D62BAADED5001701BE /* TaskTwoFive.swift */ = {isa = PBXFileReference; lastKnownFileType = sourcecode.swift; path = TaskTwoFive.swift; sourceTree = "<group>"; };
		7FAB18D82BAADF47001701BE /* TaskTwoSix.swift */ = {isa = PBXFileReference; lastKnownFileType = sourcecode.swift; path = TaskTwoSix.swift; sourceTree = "<group>"; };
		7FAB18DA2BAB7847001701BE /* TaskThreeOne.swift */ = {isa = PBXFileReference; lastKnownFileType = sourcecode.swift; path = TaskThreeOne.swift; sourceTree = "<group>"; };
		7FAB18DF2BAC7282001701BE /* TaskThreeTwo.swift */ = {isa = PBXFileReference; lastKnownFileType = sourcecode.swift; path = TaskThreeTwo.swift; sourceTree = "<group>"; };
		7FAB18E12BAC8EC2001701BE /* TaskThreeThree.swift */ = {isa = PBXFileReference; lastKnownFileType = sourcecode.swift; path = TaskThreeThree.swift; sourceTree = "<group>"; };
		7FAB18E42BADA4ED001701BE /* TaskFour.swift */ = {isa = PBXFileReference; lastKnownFileType = sourcecode.swift; path = TaskFour.swift; sourceTree = "<group>"; };
		7FAB18E72BB03EDB001701BE /* TaskFive.swift */ = {isa = PBXFileReference; lastKnownFileType = sourcecode.swift; path = TaskFive.swift; sourceTree = "<group>"; };
/* End PBXFileReference section */

/* Begin PBXFrameworksBuildPhase section */
		7FAB18AF2BA9695D001701BE /* Frameworks */ = {
			isa = PBXFrameworksBuildPhase;
			buildActionMask = 2147483647;
			files = (
			);
			runOnlyForDeploymentPostprocessing = 0;
		};
/* End PBXFrameworksBuildPhase section */

/* Begin PBXGroup section */
		7FAB18A92BA9695D001701BE = {
			isa = PBXGroup;
			children = (
				7FAB18B42BA9695D001701BE /* multithreading */,
				7FAB18B32BA9695D001701BE /* Products */,
			);
			sourceTree = "<group>";
		};
		7FAB18B32BA9695D001701BE /* Products */ = {
			isa = PBXGroup;
			children = (
				7FAB18B22BA9695D001701BE /* multithreading.app */,
			);
			name = Products;
			sourceTree = "<group>";
		};
		7FAB18B42BA9695D001701BE /* multithreading */ = {
			isa = PBXGroup;
			children = (
				7FAB18E62BB03ECF001701BE /* Task5 */,
				7FAB18E32BADA4E0001701BE /* Task4 */,
				7FAB18DD2BAB785F001701BE /* Task 2 */,
				7FAB18DC2BAB784F001701BE /* Task 1 */,
				7FAB18B52BA9695D001701BE /* AppDelegate.swift */,
				7FAB18B72BA9695D001701BE /* SceneDelegate.swift */,
				7FAB18BB2BA9695D001701BE /* Main.storyboard */,
				7FAB18BE2BA9695F001701BE /* Assets.xcassets */,
				7FAB18C02BA9695F001701BE /* LaunchScreen.storyboard */,
				7FAB18C32BA9695F001701BE /* Info.plist */,
				7FAB18DE2BAB786B001701BE /* Task 3 */,
			);
			path = multithreading;
			sourceTree = "<group>";
		};
		7FAB18DC2BAB784F001701BE /* Task 1 */ = {
			isa = PBXGroup;
			children = (
				7FAB18B92BA9695D001701BE /* TaskOne.swift */,
			);
			path = "Task 1";
			sourceTree = "<group>";
		};
		7FAB18DD2BAB785F001701BE /* Task 2 */ = {
			isa = PBXGroup;
			children = (
				7FAB18C92BA9B90F001701BE /* TaskTwoOne.swift */,
				7FAB18CE2BA9C4EE001701BE /* TaskTwoTwo.swift */,
				7FAB18D02BA9D967001701BE /* TestFive.swift */,
				7FAB18D22BAAD953001701BE /* TaskTwoThree.swift */,
				7FAB18D42BAADE79001701BE /* TaskTwoFour.swift */,
				7FAB18D62BAADED5001701BE /* TaskTwoFive.swift */,
				7FAB18D82BAADF47001701BE /* TaskTwoSix.swift */,
			);
			path = "Task 2";
			sourceTree = "<group>";
		};
		7FAB18DE2BAB786B001701BE /* Task 3 */ = {
			isa = PBXGroup;
			children = (
				7FAB18DA2BAB7847001701BE /* TaskThreeOne.swift */,
				7FAB18DF2BAC7282001701BE /* TaskThreeTwo.swift */,
				7FAB18E12BAC8EC2001701BE /* TaskThreeThree.swift */,
			);
			path = "Task 3";
			sourceTree = "<group>";
		};
		7FAB18E32BADA4E0001701BE /* Task4 */ = {
			isa = PBXGroup;
			children = (
				7FAB18E42BADA4ED001701BE /* TaskFour.swift */,
			);
			path = Task4;
			sourceTree = "<group>";
		};
		7FAB18E62BB03ECF001701BE /* Task5 */ = {
			isa = PBXGroup;
			children = (
				7FAB18E72BB03EDB001701BE /* TaskFive.swift */,
			);
			path = Task5;
			sourceTree = "<group>";
		};
/* End PBXGroup section */

/* Begin PBXNativeTarget section */
		7FAB18B12BA9695D001701BE /* multithreading */ = {
			isa = PBXNativeTarget;
			buildConfigurationList = 7FAB18C62BA9695F001701BE /* Build configuration list for PBXNativeTarget "multithreading" */;
			buildPhases = (
				7FAB18AE2BA9695D001701BE /* Sources */,
				7FAB18AF2BA9695D001701BE /* Frameworks */,
				7FAB18B02BA9695D001701BE /* Resources */,
			);
			buildRules = (
			);
			dependencies = (
			);
			name = multithreading;
			productName = multithreading;
			productReference = 7FAB18B22BA9695D001701BE /* multithreading.app */;
			productType = "com.apple.product-type.application";
		};
/* End PBXNativeTarget section */

/* Begin PBXProject section */
		7FAB18AA2BA9695D001701BE /* Project object */ = {
			isa = PBXProject;
			attributes = {
				BuildIndependentTargetsInParallel = 1;
				LastSwiftUpdateCheck = 1500;
				LastUpgradeCheck = 1500;
				TargetAttributes = {
					7FAB18B12BA9695D001701BE = {
						CreatedOnToolsVersion = 15.0.1;
					};
				};
			};
			buildConfigurationList = 7FAB18AD2BA9695D001701BE /* Build configuration list for PBXProject "multithreading" */;
			compatibilityVersion = "Xcode 14.0";
			developmentRegion = en;
			hasScannedForEncodings = 0;
			knownRegions = (
				en,
				Base,
			);
			mainGroup = 7FAB18A92BA9695D001701BE;
			productRefGroup = 7FAB18B32BA9695D001701BE /* Products */;
			projectDirPath = "";
			projectRoot = "";
			targets = (
				7FAB18B12BA9695D001701BE /* multithreading */,
			);
		};
/* End PBXProject section */

/* Begin PBXResourcesBuildPhase section */
		7FAB18B02BA9695D001701BE /* Resources */ = {
			isa = PBXResourcesBuildPhase;
			buildActionMask = 2147483647;
			files = (
				7FAB18C22BA9695F001701BE /* LaunchScreen.storyboard in Resources */,
				7FAB18BF2BA9695F001701BE /* Assets.xcassets in Resources */,
				7FAB18BD2BA9695D001701BE /* Main.storyboard in Resources */,
			);
			runOnlyForDeploymentPostprocessing = 0;
		};
/* End PBXResourcesBuildPhase section */

/* Begin PBXSourcesBuildPhase section */
		7FAB18AE2BA9695D001701BE /* Sources */ = {
			isa = PBXSourcesBuildPhase;
			buildActionMask = 2147483647;
			files = (
				7FAB18BA2BA9695D001701BE /* TaskOne.swift in Sources */,
				7FAB18CA2BA9B90F001701BE /* TaskTwoOne.swift in Sources */,
				7FAB18CF2BA9C4EE001701BE /* TaskTwoTwo.swift in Sources */,
				7FAB18D32BAAD953001701BE /* TaskTwoThree.swift in Sources */,
				7FAB18E82BB03EDB001701BE /* TaskFive.swift in Sources */,
				7FAB18B62BA9695D001701BE /* AppDelegate.swift in Sources */,
				7FAB18D72BAADED5001701BE /* TaskTwoFive.swift in Sources */,
				7FAB18E52BADA4ED001701BE /* TaskFour.swift in Sources */,
				7FAB18D52BAADE79001701BE /* TaskTwoFour.swift in Sources */,
				7FAB18B82BA9695D001701BE /* SceneDelegate.swift in Sources */,
				7FAB18D92BAADF47001701BE /* TaskTwoSix.swift in Sources */,
				7FAB18DB2BAB7847001701BE /* TaskThreeOne.swift in Sources */,
				7FAB18E02BAC7283001701BE /* TaskThreeTwo.swift in Sources */,
				7FAB18E22BAC8EC2001701BE /* TaskThreeThree.swift in Sources */,
				7FAB18D12BA9D967001701BE /* TestFive.swift in Sources */,
			);
			runOnlyForDeploymentPostprocessing = 0;
		};
/* End PBXSourcesBuildPhase section */

/* Begin PBXVariantGroup section */
		7FAB18BB2BA9695D001701BE /* Main.storyboard */ = {
			isa = PBXVariantGroup;
			children = (
				7FAB18BC2BA9695D001701BE /* Base */,
			);
			name = Main.storyboard;
			sourceTree = "<group>";
		};
		7FAB18C02BA9695F001701BE /* LaunchScreen.storyboard */ = {
			isa = PBXVariantGroup;
			children = (
				7FAB18C12BA9695F001701BE /* Base */,
			);
			name = LaunchScreen.storyboard;
			sourceTree = "<group>";
		};
/* End PBXVariantGroup section */

/* Begin XCBuildConfiguration section */
		7FAB18C42BA9695F001701BE /* Debug */ = {
			isa = XCBuildConfiguration;
			buildSettings = {
				ALWAYS_SEARCH_USER_PATHS = NO;
				ASSETCATALOG_COMPILER_GENERATE_SWIFT_ASSET_SYMBOL_EXTENSIONS = YES;
				CLANG_ANALYZER_NONNULL = YES;
				CLANG_ANALYZER_NUMBER_OBJECT_CONVERSION = YES_AGGRESSIVE;
				CLANG_CXX_LANGUAGE_STANDARD = "gnu++20";
				CLANG_ENABLE_MODULES = YES;
				CLANG_ENABLE_OBJC_ARC = YES;
				CLANG_ENABLE_OBJC_WEAK = YES;
				CLANG_WARN_BLOCK_CAPTURE_AUTORELEASING = YES;
				CLANG_WARN_BOOL_CONVERSION = YES;
				CLANG_WARN_COMMA = YES;
				CLANG_WARN_CONSTANT_CONVERSION = YES;
				CLANG_WARN_DEPRECATED_OBJC_IMPLEMENTATIONS = YES;
				CLANG_WARN_DIRECT_OBJC_ISA_USAGE = YES_ERROR;
				CLANG_WARN_DOCUMENTATION_COMMENTS = YES;
				CLANG_WARN_EMPTY_BODY = YES;
				CLANG_WARN_ENUM_CONVERSION = YES;
				CLANG_WARN_INFINITE_RECURSION = YES;
				CLANG_WARN_INT_CONVERSION = YES;
				CLANG_WARN_NON_LITERAL_NULL_CONVERSION = YES;
				CLANG_WARN_OBJC_IMPLICIT_RETAIN_SELF = YES;
				CLANG_WARN_OBJC_LITERAL_CONVERSION = YES;
				CLANG_WARN_OBJC_ROOT_CLASS = YES_ERROR;
				CLANG_WARN_QUOTED_INCLUDE_IN_FRAMEWORK_HEADER = YES;
				CLANG_WARN_RANGE_LOOP_ANALYSIS = YES;
				CLANG_WARN_STRICT_PROTOTYPES = YES;
				CLANG_WARN_SUSPICIOUS_MOVE = YES;
				CLANG_WARN_UNGUARDED_AVAILABILITY = YES_AGGRESSIVE;
				CLANG_WARN_UNREACHABLE_CODE = YES;
				CLANG_WARN__DUPLICATE_METHOD_MATCH = YES;
				COPY_PHASE_STRIP = NO;
				DEBUG_INFORMATION_FORMAT = dwarf;
				ENABLE_STRICT_OBJC_MSGSEND = YES;
				ENABLE_TESTABILITY = YES;
				ENABLE_USER_SCRIPT_SANDBOXING = YES;
				GCC_C_LANGUAGE_STANDARD = gnu17;
				GCC_DYNAMIC_NO_PIC = NO;
				GCC_NO_COMMON_BLOCKS = YES;
				GCC_OPTIMIZATION_LEVEL = 0;
				GCC_PREPROCESSOR_DEFINITIONS = (
					"DEBUG=1",
					"$(inherited)",
				);
				GCC_WARN_64_TO_32_BIT_CONVERSION = YES;
				GCC_WARN_ABOUT_RETURN_TYPE = YES_ERROR;
				GCC_WARN_UNDECLARED_SELECTOR = YES;
				GCC_WARN_UNINITIALIZED_AUTOS = YES_AGGRESSIVE;
				GCC_WARN_UNUSED_FUNCTION = YES;
				GCC_WARN_UNUSED_VARIABLE = YES;
				IPHONEOS_DEPLOYMENT_TARGET = 17.0;
				LOCALIZATION_PREFERS_STRING_CATALOGS = YES;
				MTL_ENABLE_DEBUG_INFO = INCLUDE_SOURCE;
				MTL_FAST_MATH = YES;
				ONLY_ACTIVE_ARCH = YES;
				SDKROOT = iphoneos;
				SWIFT_ACTIVE_COMPILATION_CONDITIONS = "DEBUG $(inherited)";
				SWIFT_OPTIMIZATION_LEVEL = "-Onone";
			};
			name = Debug;
		};
		7FAB18C52BA9695F001701BE /* Release */ = {
			isa = XCBuildConfiguration;
			buildSettings = {
				ALWAYS_SEARCH_USER_PATHS = NO;
				ASSETCATALOG_COMPILER_GENERATE_SWIFT_ASSET_SYMBOL_EXTENSIONS = YES;
				CLANG_ANALYZER_NONNULL = YES;
				CLANG_ANALYZER_NUMBER_OBJECT_CONVERSION = YES_AGGRESSIVE;
				CLANG_CXX_LANGUAGE_STANDARD = "gnu++20";
				CLANG_ENABLE_MODULES = YES;
				CLANG_ENABLE_OBJC_ARC = YES;
				CLANG_ENABLE_OBJC_WEAK = YES;
				CLANG_WARN_BLOCK_CAPTURE_AUTORELEASING = YES;
				CLANG_WARN_BOOL_CONVERSION = YES;
				CLANG_WARN_COMMA = YES;
				CLANG_WARN_CONSTANT_CONVERSION = YES;
				CLANG_WARN_DEPRECATED_OBJC_IMPLEMENTATIONS = YES;
				CLANG_WARN_DIRECT_OBJC_ISA_USAGE = YES_ERROR;
				CLANG_WARN_DOCUMENTATION_COMMENTS = YES;
				CLANG_WARN_EMPTY_BODY = YES;
				CLANG_WARN_ENUM_CONVERSION = YES;
				CLANG_WARN_INFINITE_RECURSION = YES;
				CLANG_WARN_INT_CONVERSION = YES;
				CLANG_WARN_NON_LITERAL_NULL_CONVERSION = YES;
				CLANG_WARN_OBJC_IMPLICIT_RETAIN_SELF = YES;
				CLANG_WARN_OBJC_LITERAL_CONVERSION = YES;
				CLANG_WARN_OBJC_ROOT_CLASS = YES_ERROR;
				CLANG_WARN_QUOTED_INCLUDE_IN_FRAMEWORK_HEADER = YES;
				CLANG_WARN_RANGE_LOOP_ANALYSIS = YES;
				CLANG_WARN_STRICT_PROTOTYPES = YES;
				CLANG_WARN_SUSPICIOUS_MOVE = YES;
				CLANG_WARN_UNGUARDED_AVAILABILITY = YES_AGGRESSIVE;
				CLANG_WARN_UNREACHABLE_CODE = YES;
				CLANG_WARN__DUPLICATE_METHOD_MATCH = YES;
				COPY_PHASE_STRIP = NO;
				DEBUG_INFORMATION_FORMAT = "dwarf-with-dsym";
				ENABLE_NS_ASSERTIONS = NO;
				ENABLE_STRICT_OBJC_MSGSEND = YES;
				ENABLE_USER_SCRIPT_SANDBOXING = YES;
				GCC_C_LANGUAGE_STANDARD = gnu17;
				GCC_NO_COMMON_BLOCKS = YES;
				GCC_WARN_64_TO_32_BIT_CONVERSION = YES;
				GCC_WARN_ABOUT_RETURN_TYPE = YES_ERROR;
				GCC_WARN_UNDECLARED_SELECTOR = YES;
				GCC_WARN_UNINITIALIZED_AUTOS = YES_AGGRESSIVE;
				GCC_WARN_UNUSED_FUNCTION = YES;
				GCC_WARN_UNUSED_VARIABLE = YES;
				IPHONEOS_DEPLOYMENT_TARGET = 17.0;
				LOCALIZATION_PREFERS_STRING_CATALOGS = YES;
				MTL_ENABLE_DEBUG_INFO = NO;
				MTL_FAST_MATH = YES;
				SDKROOT = iphoneos;
				SWIFT_COMPILATION_MODE = wholemodule;
				VALIDATE_PRODUCT = YES;
			};
			name = Release;
		};
		7FAB18C72BA9695F001701BE /* Debug */ = {
			isa = XCBuildConfiguration;
			buildSettings = {
				ASSETCATALOG_COMPILER_APPICON_NAME = AppIcon;
				ASSETCATALOG_COMPILER_GLOBAL_ACCENT_COLOR_NAME = AccentColor;
				CODE_SIGN_STYLE = Automatic;
				CURRENT_PROJECT_VERSION = 1;
				GENERATE_INFOPLIST_FILE = YES;
				INFOPLIST_FILE = multithreading/Info.plist;
				INFOPLIST_KEY_UIApplicationSupportsIndirectInputEvents = YES;
				INFOPLIST_KEY_UILaunchStoryboardName = LaunchScreen;
				INFOPLIST_KEY_UIMainStoryboardFile = Main;
				INFOPLIST_KEY_UISupportedInterfaceOrientations_iPad = "UIInterfaceOrientationPortrait UIInterfaceOrientationPortraitUpsideDown UIInterfaceOrientationLandscapeLeft UIInterfaceOrientationLandscapeRight";
				INFOPLIST_KEY_UISupportedInterfaceOrientations_iPhone = "UIInterfaceOrientationPortrait UIInterfaceOrientationLandscapeLeft UIInterfaceOrientationLandscapeRight";
				LD_RUNPATH_SEARCH_PATHS = (
					"$(inherited)",
					"@executable_path/Frameworks",
				);
				MARKETING_VERSION = 1.0;
				PRODUCT_BUNDLE_IDENTIFIER = adad.multithreading;
				PRODUCT_NAME = "$(TARGET_NAME)";
				SWIFT_EMIT_LOC_STRINGS = YES;
				SWIFT_VERSION = 5.0;
				TARGETED_DEVICE_FAMILY = "1,2";
			};
			name = Debug;
		};
		7FAB18C82BA9695F001701BE /* Release */ = {
			isa = XCBuildConfiguration;
			buildSettings = {
				ASSETCATALOG_COMPILER_APPICON_NAME = AppIcon;
				ASSETCATALOG_COMPILER_GLOBAL_ACCENT_COLOR_NAME = AccentColor;
				CODE_SIGN_STYLE = Automatic;
				CURRENT_PROJECT_VERSION = 1;
				GENERATE_INFOPLIST_FILE = YES;
				INFOPLIST_FILE = multithreading/Info.plist;
				INFOPLIST_KEY_UIApplicationSupportsIndirectInputEvents = YES;
				INFOPLIST_KEY_UILaunchStoryboardName = LaunchScreen;
				INFOPLIST_KEY_UIMainStoryboardFile = Main;
				INFOPLIST_KEY_UISupportedInterfaceOrientations_iPad = "UIInterfaceOrientationPortrait UIInterfaceOrientationPortraitUpsideDown UIInterfaceOrientationLandscapeLeft UIInterfaceOrientationLandscapeRight";
				INFOPLIST_KEY_UISupportedInterfaceOrientations_iPhone = "UIInterfaceOrientationPortrait UIInterfaceOrientationLandscapeLeft UIInterfaceOrientationLandscapeRight";
				LD_RUNPATH_SEARCH_PATHS = (
					"$(inherited)",
					"@executable_path/Frameworks",
				);
				MARKETING_VERSION = 1.0;
				PRODUCT_BUNDLE_IDENTIFIER = adad.multithreading;
				PRODUCT_NAME = "$(TARGET_NAME)";
				SWIFT_EMIT_LOC_STRINGS = YES;
				SWIFT_VERSION = 5.0;
				TARGETED_DEVICE_FAMILY = "1,2";
			};
			name = Release;
		};
/* End XCBuildConfiguration section */

/* Begin XCConfigurationList section */
		7FAB18AD2BA9695D001701BE /* Build configuration list for PBXProject "multithreading" */ = {
			isa = XCConfigurationList;
			buildConfigurations = (
				7FAB18C42BA9695F001701BE /* Debug */,
				7FAB18C52BA9695F001701BE /* Release */,
			);
			defaultConfigurationIsVisible = 0;
			defaultConfigurationName = Release;
		};
		7FAB18C62BA9695F001701BE /* Build configuration list for PBXNativeTarget "multithreading" */ = {
			isa = XCConfigurationList;
			buildConfigurations = (
				7FAB18C72BA9695F001701BE /* Debug */,
				7FAB18C82BA9695F001701BE /* Release */,
			);
			defaultConfigurationIsVisible = 0;
			defaultConfigurationName = Release;
		};
/* End XCConfigurationList section */
	};
	rootObject = 7FAB18AA2BA9695D001701BE /* Project object */;
}
